
Microsoft Visual Studio Solution File, Format Version 12.00
# Visual Studio Version 17
VisualStudioVersion = 17.3.32811.315
MinimumVisualStudioVersion = 10.0.40219.1
Project("{FAE04EC0-301F-11D3-BF4B-00C04F79EFBC}") = "MenuSelectionForFunctions", "MenuSelectionForFunctions.csproj", "{54518DF2-4039-45B2-84DD-1F588DF5E96F}"
EndProject
Global
	GlobalSection(SolutionConfigurationPlatforms) = preSolution
		Debug|Any CPU = Debug|Any CPU
		Release|Any CPU = Release|Any CPU
	EndGlobalSection
	GlobalSection(ProjectConfigurationPlatforms) = postSolution
		{54518DF2-4039-45B2-84DD-1F588DF5E96F}.Debug|Any CPU.ActiveCfg = Debug|Any CPU
		{54518DF2-4039-45B2-84DD-1F588DF5E96F}.Debug|Any CPU.Build.0 = Debug|Any CPU
		{54518DF2-4039-45B2-84DD-1F588DF5E96F}.Release|Any CPU.ActiveCfg = Release|Any CPU
		{54518DF2-4039-45B2-84DD-1F588DF5E96F}.Release|Any CPU.Build.0 = Release|Any CPU
	EndGlobalSection
	GlobalSection(SolutionProperties) = preSolution
		HideSolutionNode = FALSE
	EndGlobalSection
	GlobalSection(ExtensibilityGlobals) = postSolution
		SolutionGuid = {110FDF34-932F-42A6-85C6-E94AE64E7C67}
	EndGlobalSection
EndGlobal
